<?xml version="1.0" encoding="UTF-8"?>
<Scheme
   LastUpgradeVersion = "1110"
   version = "1.3">
   <BuildAction
      parallelizeBuildables = "YES"
      buildImplicitDependencies = "YES">
      <BuildActionEntries>
         <BuildActionEntry
            buildForTesting = "YES"
            buildForRunning = "YES"
            buildForProfiling = "YES"
            buildForArchiving = "YES"
            buildForAnalyzing = "YES">
            <BuildableReference
               BuildableIdentifier = "primary"
               BlueprintIdentifier = "24934DDE1F0CD64800958090"
               BuildableName = "KLGenerateSpamCode"
               BlueprintName = "KLGenerateSpamCode"
               ReferencedContainer = "container:KLGenerateSpamCode.xcodeproj">
            </BuildableReference>
         </BuildActionEntry>
      </BuildActionEntries>
   </BuildAction>
   <TestAction
      buildConfiguration = "Debug"
      selectedDebuggerIdentifier = "Xcode.DebuggerFoundation.Debugger.LLDB"
      selectedLauncherIdentifier = "Xcode.DebuggerFoundation.Launcher.LLDB"
      shouldUseLaunchSchemeArgsEnv = "YES">
      <Testables>
      </Testables>
   </TestAction>
   <LaunchAction
      buildConfiguration = "Debug"
      selectedDebuggerIdentifier = "Xcode.DebuggerFoundation.Debugger.LLDB"
      selectedLauncherIdentifier = "Xcode.DebuggerFoundation.Launcher.LLDB"
      launchStyle = "0"
      useCustomWorkingDirectory = "NO"
      ignoresPersistentStateOnLaunch = "NO"
      debugDocumentVersioning = "YES"
      debugServiceExtension = "internal"
      allowLocationSimulation = "YES">
      <BuildableProductRunnable
         runnableDebuggingMode = "0">
         <BuildableReference
            BuildableIdentifier = "primary"
            BlueprintIdentifier = "24934DDE1F0CD64800958090"
            BuildableName = "KLGenerateSpamCode"
            BlueprintName = "KLGenerateSpamCode"
            ReferencedContainer = "container:KLGenerateSpamCode.xcodeproj">
         </BuildableReference>
      </BuildableProductRunnable>
      <CommandLineArguments>
         <CommandLineArgument
            argument = "/Users/chenying/Desktop/ufoto/icamera-ios/iCameraApp/iCameraApp"
            isEnabled = "YES">
         </CommandLineArgument>
         <CommandLineArgument
            argument = "-deleteComments"
            isEnabled = "YES">
         </CommandLineArgument>
         <CommandLineArgument
            argument = "-handleXcassets"
            isEnabled = "YES">
         </CommandLineArgument>
         <CommandLineArgument
            argument = "-ignoreDirNames Filters,Editor,AdvanceEditor,Vendor,Extension,Camera,JSiMessage,3rd,Blurring,Base.lproj"
            isEnabled = "YES">
         </CommandLineArgument>
         <CommandLineArgument
            argument = "-modifyProjectName iCameraApp&gt;CSYCamera"
            isEnabled = "NO">
         </CommandLineArgument>
         <CommandLineArgument
            argument = "-modifyClassNamePrefix /Users/chenying/Desktop/ufoto/icamera-ios/iCameraApp/iCameraApp.xcodeproj UF&gt;CSY"
            isEnabled = "YES">
         </CommandLineArgument>
         <CommandLineArgument
            argument = "-spamCodeOut /Users/chenying/Desktop/ufoto/facefoto/rabbit VVUF"
            isEnabled = "NO">
         </CommandLineArgument>
      </CommandLineArguments>
   </LaunchAction>
   <ProfileAction
      buildConfiguration = "Release"
      shouldUseLaunchSchemeArgsEnv = "YES"
      savedToolIdentifier = ""
      useCustomWorkingDirectory = "NO"
      debugDocumentVersioning = "YES">
      <BuildableProductRunnable
         runnableDebuggingMode = "0">
         <BuildableReference
            BuildableIdentifier = "primary"
            BlueprintIdentifier = "24934DDE1F0CD64800958090"
            BuildableName = "KLGenerateSpamCode"
            BlueprintName = "KLGenerateSpamCode"
            ReferencedContainer = "container:KLGenerateSpamCode.xcodeproj">
         </BuildableReference>
      </BuildableProductRunnable>
   </ProfileAction>
   <AnalyzeAction
      buildConfiguration = "Debug">
   </AnalyzeAction>
   <ArchiveAction
      buildConfiguration = "Release"
      revealArchiveInOrganizer = "YES">
   </ArchiveAction>
</Scheme>
